
Microsoft Visual Studio Solution File, Format Version 12.00
# Visual Studio Version 17
VisualStudioVersion = 17.10.35013.160
MinimumVisualStudioVersion = 10.0.40219.1
Project("{FAE04EC0-301F-11D3-BF4B-00C04F79EFBC}") = "StateDesignPatternDemo", "StateDesignPatternDemo\StateDesignPatternDemo.csproj", "{7B4B2D2B-6F07-438C-9877-7BC9A921431F}"
EndProject
Global
	GlobalSection(SolutionConfigurationPlatforms) = preSolution
		Debug|Any CPU = Debug|Any CPU
		Release|Any CPU = Release|Any CPU
	EndGlobalSection
	GlobalSection(ProjectConfigurationPlatforms) = postSolution
		{7B4B2D2B-6F07-438C-9877-7BC9A921431F}.Debug|Any CPU.ActiveCfg = Debug|Any CPU
		{7B4B2D2B-6F07-438C-9877-7BC9A921431F}.Debug|Any CPU.Build.0 = Debug|Any CPU
		{7B4B2D2B-6F07-438C-9877-7BC9A921431F}.Release|Any CPU.ActiveCfg = Release|Any CPU
		{7B4B2D2B-6F07-438C-9877-7BC9A921431F}.Release|Any CPU.Build.0 = Release|Any CPU
	EndGlobalSection
	GlobalSection(SolutionProperties) = preSolution
		HideSolutionNode = FALSE
	EndGlobalSection
	GlobalSection(ExtensibilityGlobals) = postSolution
		SolutionGuid = {7F69DD23-D96D-4F3A-9C9B-721C8D8E858E}
	EndGlobalSection
EndGlobal
